// !$*UTF8*$!
{
	archiveVersion = 1;
	classes = {
	};
	objectVersion = 56;
	objects = {

/* Begin PBXBuildFile section */
		001 /* CrossBootApp.swift in Sources */ = {isa = PBXBuildFile; fileRef = 101 /* CrossBootApp.swift */; };
		002 /* ContentView.swift in Sources */ = {isa = PBXBuildFile; fileRef = 102 /* ContentView.swift */; };
		003 /* Assets.xcassets in Resources */ = {isa = PBXBuildFile; fileRef = 103 /* Assets.xcassets */; };
		004 /* Drive.swift in Sources */ = {isa = PBXBuildFile; fileRef = 104 /* Drive.swift */; };
		005 /* ISOFile.swift in Sources */ = {isa = PBXBuildFile; fileRef = 105 /* ISOFile.swift */; };
		006 /* ProcessState.swift in Sources */ = {isa = PBXBuildFile; fileRef = 106 /* ProcessState.swift */; };
		007 /* DiskManager.swift in Sources */ = {isa = PBXBuildFile; fileRef = 107 /* DiskManager.swift */; };
		008 /* ISOHandler.swift in Sources */ = {isa = PBXBuildFile; fileRef = 108 /* ISOHandler.swift */; };
		009 /* WimLibService.swift in Sources */ = {isa = PBXBuildFile; fileRef = 109 /* WimLibService.swift */; };
		010 /* ShellHelper.swift in Sources */ = {isa = PBXBuildFile; fileRef = 110 /* ShellHelper.swift */; };
		011 /* CrossBootViewModel.swift in Sources */ = {isa = PBXBuildFile; fileRef = 111 /* CrossBootViewModel.swift */; };
		012 /* ISODropZoneView.swift in Sources */ = {isa = PBXBuildFile; fileRef = 112 /* ISODropZoneView.swift */; };
		C0D780262F2F0C6F00912BB1 /* PowerAssertionManager.swift in Sources */ = {isa = PBXBuildFile; fileRef = C0D780252F2F0C6F00912BB1 /* PowerAssertionManager.swift */; };
		C0E5B9122F2E5B4400869CAF /* DriveSelectorView.swift in Sources */ = {isa = PBXBuildFile; fileRef = C0E5B9112F2E5B4400869CAF /* DriveSelectorView.swift */; };
		C0F6D4472F2E574B00C5A647 /* wimlib-imagex in Resources */ = {isa = PBXBuildFile; fileRef = C0F6D4462F2E574B00C5A647 /* wimlib-imagex */; };
		013 /* Log.swift in Sources */ = {isa = PBXBuildFile; fileRef = 115 /* Log.swift */; };
		014 /* ByteCount.swift in Sources */ = {isa = PBXBuildFile; fileRef = 116 /* ByteCount.swift */; };
		015 /* NativeButton.swift in Sources */ = {isa = PBXBuildFile; fileRef = 117 /* NativeButton.swift */; };
		016 /* ProgressSection.swift in Sources */ = {isa = PBXBuildFile; fileRef = 118 /* ProgressSection.swift */; };
/* End PBXBuildFile section */

/* Begin PBXFileReference section */
		100 /* CrossBoot.app */ = {isa = PBXFileReference; explicitFileType = wrapper.application; includeInIndex = 0; path = CrossBoot.app; sourceTree = BUILT_PRODUCTS_DIR; };
		101 /* CrossBootApp.swift */ = {isa = PBXFileReference; lastKnownFileType = sourcecode.swift; path = CrossBootApp.swift; sourceTree = "<group>"; };
		102 /* ContentView.swift */ = {isa = PBXFileReference; lastKnownFileType = sourcecode.swift; path = ContentView.swift; sourceTree = "<group>"; };
		103 /* Assets.xcassets */ = {isa = PBXFileReference; lastKnownFileType = folder.assetcatalog; path = Assets.xcassets; sourceTree = "<group>"; };
		104 /* Drive.swift */ = {isa = PBXFileReference; lastKnownFileType = sourcecode.swift; path = Drive.swift; sourceTree = "<group>"; };
		105 /* ISOFile.swift */ = {isa = PBXFileReference; lastKnownFileType = sourcecode.swift; path = ISOFile.swift; sourceTree = "<group>"; };
		106 /* ProcessState.swift */ = {isa = PBXFileReference; lastKnownFileType = sourcecode.swift; path = ProcessState.swift; sourceTree = "<group>"; };
		107 /* DiskManager.swift */ = {isa = PBXFileReference; lastKnownFileType = sourcecode.swift; path = DiskManager.swift; sourceTree = "<group>"; };
		108 /* ISOHandler.swift */ = {isa = PBXFileReference; lastKnownFileType = sourcecode.swift; path = ISOHandler.swift; sourceTree = "<group>"; };
		109 /* WimLibService.swift */ = {isa = PBXFileReference; lastKnownFileType = sourcecode.swift; path = WimLibService.swift; sourceTree = "<group>"; };
		110 /* ShellHelper.swift */ = {isa = PBXFileReference; lastKnownFileType = sourcecode.swift; path = ShellHelper.swift; sourceTree = "<group>"; };
		111 /* CrossBootViewModel.swift */ = {isa = PBXFileReference; lastKnownFileType = sourcecode.swift; path = CrossBootViewModel.swift; sourceTree = "<group>"; };
		112 /* ISODropZoneView.swift */ = {isa = PBXFileReference; lastKnownFileType = sourcecode.swift; path = ISODropZoneView.swift; sourceTree = "<group>"; };
		114 /* CrossBoot.entitlements */ = {isa = PBXFileReference; lastKnownFileType = text.plist.entitlements; path = CrossBoot.entitlements; sourceTree = "<group>"; };
		C0D780252F2F0C6F00912BB1 /* PowerAssertionManager.swift */ = {isa = PBXFileReference; lastKnownFileType = sourcecode.swift; path = PowerAssertionManager.swift; sourceTree = "<group>"; };
		C0E5B9112F2E5B4400869CAF /* DriveSelectorView.swift */ = {isa = PBXFileReference; lastKnownFileType = sourcecode.swift; path = DriveSelectorView.swift; sourceTree = "<group>"; };
		C0F6D4462F2E574B00C5A647 /* wimlib-imagex */ = {isa = PBXFileReference; lastKnownFileType = "compiled.mach-o.executable"; path = "wimlib-imagex"; sourceTree = "<group>"; };
		115 /* Log.swift */ = {isa = PBXFileReference; lastKnownFileType = sourcecode.swift; path = Log.swift; sourceTree = "<group>"; };
		116 /* ByteCount.swift */ = {isa = PBXFileReference; lastKnownFileType = sourcecode.swift; path = ByteCount.swift; sourceTree = "<group>"; };
		117 /* NativeButton.swift */ = {isa = PBXFileReference; lastKnownFileType = sourcecode.swift; path = NativeButton.swift; sourceTree = "<group>"; };
		118 /* ProgressSection.swift */ = {isa = PBXFileReference; lastKnownFileType = sourcecode.swift; path = ProgressSection.swift; sourceTree = "<group>"; };
/* End PBXFileReference section */

/* Begin PBXFrameworksBuildPhase section */
		200 /* Frameworks */ = {
			isa = PBXFrameworksBuildPhase;
			buildActionMask = 2147483647;
			files = (
			);
			runOnlyForDeploymentPostprocessing = 0;
		};
/* End PBXFrameworksBuildPhase section */

/* Begin PBXGroup section */
		300 = {
			isa = PBXGroup;
			children = (
				301 /* CrossBoot */,
				302 /* Products */,
			);
			sourceTree = "<group>";
		};
		301 /* CrossBoot */ = {
			isa = PBXGroup;
			children = (
				C0F6D4452F2E571F00C5A647 /* Resources */,
				101 /* CrossBootApp.swift */,
				103 /* Assets.xcassets */,
				114 /* CrossBoot.entitlements */,
				303 /* Models */,
				304 /* Services */,
				305 /* ViewModels */,
				306 /* Views */,
			);
			path = CrossBoot;
			sourceTree = "<group>";
		};
		302 /* Products */ = {
			isa = PBXGroup;
			children = (
				100 /* CrossBoot.app */,
			);
			name = Products;
			sourceTree = "<group>";
		};
		303 /* Models */ = {
			isa = PBXGroup;
			children = (
				116 /* ByteCount.swift */,
				104 /* Drive.swift */,
				105 /* ISOFile.swift */,
				106 /* ProcessState.swift */,
			);
			path = Models;
			sourceTree = "<group>";
		};
		304 /* Services */ = {
			isa = PBXGroup;
			children = (
				115 /* Log.swift */,
				107 /* DiskManager.swift */,
				108 /* ISOHandler.swift */,
				C0D780252F2F0C6F00912BB1 /* PowerAssertionManager.swift */,
				109 /* WimLibService.swift */,
				110 /* ShellHelper.swift */,
			);
			path = Services;
			sourceTree = "<group>";
		};
		305 /* ViewModels */ = {
			isa = PBXGroup;
			children = (
				111 /* CrossBootViewModel.swift */,
			);
			path = ViewModels;
			sourceTree = "<group>";
		};
		306 /* Views */ = {
			isa = PBXGroup;
			children = (
				118 /* ProgressSection.swift */,
				117 /* NativeButton.swift */,
				102 /* ContentView.swift */,
				112 /* ISODropZoneView.swift */,
				C0E5B9112F2E5B4400869CAF /* DriveSelectorView.swift */,
			);
			path = Views;
			sourceTree = "<group>";
		};
		C0F6D4452F2E571F00C5A647 /* Resources */ = {
			isa = PBXGroup;
			children = (
				C0F6D4462F2E574B00C5A647 /* wimlib-imagex */,
			);
			path = Resources;
			sourceTree = "<group>";
		};
/* End PBXGroup section */

/* Begin PBXNativeTarget section */
		400 /* CrossBoot */ = {
			isa = PBXNativeTarget;
			buildConfigurationList = 500 /* Build configuration list for PBXNativeTarget "CrossBoot" */;
			buildPhases = (
				401 /* Sources */,
				200 /* Frameworks */,
				402 /* Resources */,
			);
			buildRules = (
			);
			dependencies = (
			);
			name = CrossBoot;
			productName = CrossBoot;
			productReference = 100 /* CrossBoot.app */;
			productType = "com.apple.product-type.application";
		};
/* End PBXNativeTarget section */

/* Begin PBXProject section */
		600 /* Project object */ = {
			isa = PBXProject;
			attributes = {
				BuildIndependentTargetsInParallel = 1;
				LastSwiftUpdateCheck = 1500;
				LastUpgradeCheck = 2620;
				TargetAttributes = {
					400 = {
						CreatedOnToolsVersion = 15.0;
					};
				};
			};
			buildConfigurationList = 601 /* Build configuration list for PBXProject "CrossBoot" */;
			compatibilityVersion = "Xcode 14.0";
			developmentRegion = en;
			hasScannedForEncodings = 0;
			knownRegions = (
				en,
				Base,
			);
			mainGroup = 300;
			productRefGroup = 302 /* Products */;
			projectDirPath = "";
			projectRoot = "";
			targets = (
				400 /* CrossBoot */,
			);
		};
/* End PBXProject section */

/* Begin PBXResourcesBuildPhase section */
		402 /* Resources */ = {
			isa = PBXResourcesBuildPhase;
			buildActionMask = 2147483647;
			files = (
				003 /* Assets.xcassets in Resources */,
				C0F6D4472F2E574B00C5A647 /* wimlib-imagex in Resources */,
			);
			runOnlyForDeploymentPostprocessing = 0;
		};
/* End PBXResourcesBuildPhase section */

/* Begin PBXSourcesBuildPhase section */
		401 /* Sources */ = {
			isa = PBXSourcesBuildPhase;
			buildActionMask = 2147483647;
			files = (
				C0E5B9122F2E5B4400869CAF /* DriveSelectorView.swift in Sources */,
				001 /* CrossBootApp.swift in Sources */,
				002 /* ContentView.swift in Sources */,
				004 /* Drive.swift in Sources */,
				005 /* ISOFile.swift in Sources */,
				C0D780262F2F0C6F00912BB1 /* PowerAssertionManager.swift in Sources */,
				006 /* ProcessState.swift in Sources */,
				007 /* DiskManager.swift in Sources */,
				008 /* ISOHandler.swift in Sources */,
				009 /* WimLibService.swift in Sources */,
				010 /* ShellHelper.swift in Sources */,
				011 /* CrossBootViewModel.swift in Sources */,
				012 /* ISODropZoneView.swift in Sources */,
				013 /* Log.swift in Sources */,
				014 /* ByteCount.swift in Sources */,
				015 /* NativeButton.swift in Sources */,
				016 /* ProgressSection.swift in Sources */,
			);
			runOnlyForDeploymentPostprocessing = 0;
		};
/* End PBXSourcesBuildPhase section */

/* Begin XCBuildConfiguration section */
		700 /* Debug */ = {
			isa = XCBuildConfiguration;
			buildSettings = {
				ALWAYS_SEARCH_USER_PATHS = NO;
				ASSETCATALOG_COMPILER_GENERATE_SWIFT_ASSET_SYMBOL_EXTENSIONS = YES;
				CLANG_ANALYZER_NONNULL = YES;
				CLANG_ANALYZER_NUMBER_OBJECT_CONVERSION = YES_AGGRESSIVE;
				CLANG_CXX_LANGUAGE_STANDARD = "gnu++20";
				CLANG_ENABLE_MODULES = YES;
				CLANG_ENABLE_OBJC_ARC = YES;
				CLANG_ENABLE_OBJC_WEAK = YES;
				CLANG_WARN_BLOCK_CAPTURE_AUTORELEASING = YES;
				CLANG_WARN_BOOL_CONVERSION = YES;
				CLANG_WARN_COMMA = YES;
				CLANG_WARN_CONSTANT_CONVERSION = YES;
				CLANG_WARN_DEPRECATED_OBJC_IMPLEMENTATIONS = YES;
				CLANG_WARN_DIRECT_OBJC_ISA_USAGE = YES_ERROR;
				CLANG_WARN_DOCUMENTATION_COMMENTS = YES;
				CLANG_WARN_EMPTY_BODY = YES;
				CLANG_WARN_ENUM_CONVERSION = YES;
				CLANG_WARN_INFINITE_RECURSION = YES;
				CLANG_WARN_INT_CONVERSION = YES;
				CLANG_WARN_NON_LITERAL_NULL_CONVERSION = YES;
				CLANG_WARN_OBJC_IMPLICIT_RETAIN_SELF = YES;
				CLANG_WARN_OBJC_LITERAL_CONVERSION = YES;
				CLANG_WARN_OBJC_ROOT_CLASS = YES_ERROR;
				CLANG_WARN_QUOTED_INCLUDE_IN_FRAMEWORK_HEADER = YES;
				CLANG_WARN_RANGE_LOOP_ANALYSIS = YES;
				CLANG_WARN_STRICT_PROTOTYPES = YES;
				CLANG_WARN_SUSPICIOUS_MOVE = YES;
				CLANG_WARN_UNGUARDED_AVAILABILITY = YES_AGGRESSIVE;
				CLANG_WARN_UNREACHABLE_CODE = YES;
				CLANG_WARN__DUPLICATE_METHOD_MATCH = YES;
				COPY_PHASE_STRIP = NO;
				DEAD_CODE_STRIPPING = YES;
				DEBUG_INFORMATION_FORMAT = dwarf;
				ENABLE_STRICT_OBJC_MSGSEND = YES;
				ENABLE_TESTABILITY = YES;
				ENABLE_USER_SCRIPT_SANDBOXING = YES;
				GCC_C_LANGUAGE_STANDARD = gnu17;
				GCC_DYNAMIC_NO_PIC = NO;
				GCC_NO_COMMON_BLOCKS = YES;
				GCC_OPTIMIZATION_LEVEL = 0;
				GCC_PREPROCESSOR_DEFINITIONS = (
					"DEBUG=1",
					"$(inherited)",
				);
				GCC_WARN_64_TO_32_BIT_CONVERSION = YES;
				GCC_WARN_ABOUT_RETURN_TYPE = YES_ERROR;
				GCC_WARN_UNDECLARED_SELECTOR = YES;
				GCC_WARN_UNINITIALIZED_AUTOS = YES_AGGRESSIVE;
				GCC_WARN_UNUSED_FUNCTION = YES;
				GCC_WARN_UNUSED_VARIABLE = YES;
				MACOSX_DEPLOYMENT_TARGET = 11.0;
				MTL_ENABLE_DEBUG_INFO = INCLUDE_SOURCE;
				MTL_FAST_MATH = YES;
				ONLY_ACTIVE_ARCH = YES;
				SDKROOT = macosx;
				STRING_CATALOG_GENERATE_SYMBOLS = YES;
				SWIFT_ACTIVE_COMPILATION_CONDITIONS = "DEBUG $(inherited)";
				SWIFT_OPTIMIZATION_LEVEL = "-Onone";
			};
			name = Debug;
		};
		701 /* Release */ = {
			isa = XCBuildConfiguration;
			buildSettings = {
				ALWAYS_SEARCH_USER_PATHS = NO;
				ASSETCATALOG_COMPILER_GENERATE_SWIFT_ASSET_SYMBOL_EXTENSIONS = YES;
				CLANG_ANALYZER_NONNULL = YES;
				CLANG_ANALYZER_NUMBER_OBJECT_CONVERSION = YES_AGGRESSIVE;
				CLANG_CXX_LANGUAGE_STANDARD = "gnu++20";
				CLANG_ENABLE_MODULES = YES;
				CLANG_ENABLE_OBJC_ARC = YES;
				CLANG_ENABLE_OBJC_WEAK = YES;
				CLANG_WARN_BLOCK_CAPTURE_AUTORELEASING = YES;
				CLANG_WARN_BOOL_CONVERSION = YES;
				CLANG_WARN_COMMA = YES;
				CLANG_WARN_CONSTANT_CONVERSION = YES;
				CLANG_WARN_DEPRECATED_OBJC_IMPLEMENTATIONS = YES;
				CLANG_WARN_DIRECT_OBJC_ISA_USAGE = YES_ERROR;
				CLANG_WARN_DOCUMENTATION_COMMENTS = YES;
				CLANG_WARN_EMPTY_BODY = YES;
				CLANG_WARN_ENUM_CONVERSION = YES;
				CLANG_WARN_INFINITE_RECURSION = YES;
				CLANG_WARN_INT_CONVERSION = YES;
				CLANG_WARN_NON_LITERAL_NULL_CONVERSION = YES;
				CLANG_WARN_OBJC_IMPLICIT_RETAIN_SELF = YES;
				CLANG_WARN_OBJC_LITERAL_CONVERSION = YES;
				CLANG_WARN_OBJC_ROOT_CLASS = YES_ERROR;
				CLANG_WARN_QUOTED_INCLUDE_IN_FRAMEWORK_HEADER = YES;
				CLANG_WARN_RANGE_LOOP_ANALYSIS = YES;
				CLANG_WARN_STRICT_PROTOTYPES = YES;
				CLANG_WARN_SUSPICIOUS_MOVE = YES;
				CLANG_WARN_UNGUARDED_AVAILABILITY = YES_AGGRESSIVE;
				CLANG_WARN_UNREACHABLE_CODE = YES;
				CLANG_WARN__DUPLICATE_METHOD_MATCH = YES;
				COPY_PHASE_STRIP = NO;
				DEAD_CODE_STRIPPING = YES;
				DEBUG_INFORMATION_FORMAT = "dwarf-with-dsym";
				ENABLE_NS_ASSERTIONS = NO;
				ENABLE_STRICT_OBJC_MSGSEND = YES;
				ENABLE_USER_SCRIPT_SANDBOXING = YES;
				GCC_C_LANGUAGE_STANDARD = gnu17;
				GCC_NO_COMMON_BLOCKS = YES;
				GCC_WARN_64_TO_32_BIT_CONVERSION = YES;
				GCC_WARN_ABOUT_RETURN_TYPE = YES_ERROR;
				GCC_WARN_UNDECLARED_SELECTOR = YES;
				GCC_WARN_UNINITIALIZED_AUTOS = YES_AGGRESSIVE;
				GCC_WARN_UNUSED_FUNCTION = YES;
				GCC_WARN_UNUSED_VARIABLE = YES;
				MACOSX_DEPLOYMENT_TARGET = 11.0;
				MTL_ENABLE_DEBUG_INFO = NO;
				MTL_FAST_MATH = YES;
				SDKROOT = macosx;
				STRING_CATALOG_GENERATE_SYMBOLS = YES;
				SWIFT_COMPILATION_MODE = wholemodule;
			};
			name = Release;
		};
		702 /* Debug */ = {
			isa = XCBuildConfiguration;
			buildSettings = {
				ASSETCATALOG_COMPILER_APPICON_NAME = AppIcon;
				ASSETCATALOG_COMPILER_GLOBAL_ACCENT_COLOR_NAME = AccentColor;
				AUTOMATION_APPLE_EVENTS = NO;
				CODE_SIGN_ENTITLEMENTS = CrossBoot/CrossBoot.entitlements;
				CODE_SIGN_STYLE = Automatic;
				COMBINE_HIDPI_IMAGES = YES;
				CURRENT_PROJECT_VERSION = 2;
				DEAD_CODE_STRIPPING = YES;
				DEVELOPMENT_ASSET_PATHS = "";
				ENABLE_APP_SANDBOX = NO;
				ENABLE_HARDENED_RUNTIME = NO;
				ENABLE_PREVIEWS = YES;
				ENABLE_RESOURCE_ACCESS_PHOTO_LIBRARY = NO;
				GENERATE_INFOPLIST_FILE = YES;
				INFOPLIST_KEY_LSApplicationCategoryType = "public.app-category.utilities";
				INFOPLIST_KEY_NSHumanReadableCopyright = "";
				LD_RUNPATH_SEARCH_PATHS = (
					"$(inherited)",
					"@executable_path/../Frameworks",
				);
				MARKETING_VERSION = 2.0.3;
				PRODUCT_BUNDLE_IDENTIFIER = com.crossboot.app;
				PRODUCT_NAME = "$(TARGET_NAME)";
				RUNTIME_EXCEPTION_ALLOW_DYLD_ENVIRONMENT_VARIABLES = NO;
				RUNTIME_EXCEPTION_ALLOW_JIT = NO;
				RUNTIME_EXCEPTION_ALLOW_UNSIGNED_EXECUTABLE_MEMORY = NO;
				RUNTIME_EXCEPTION_DEBUGGING_TOOL = NO;
				RUNTIME_EXCEPTION_DISABLE_EXECUTABLE_PAGE_PROTECTION = NO;
				RUNTIME_EXCEPTION_DISABLE_LIBRARY_VALIDATION = NO;
				SWIFT_EMIT_LOC_STRINGS = YES;
				SWIFT_VERSION = 5.0;
			};
			name = Debug;
		};
		703 /* Release */ = {
			isa = XCBuildConfiguration;
			buildSettings = {
				ASSETCATALOG_COMPILER_APPICON_NAME = AppIcon;
				ASSETCATALOG_COMPILER_GLOBAL_ACCENT_COLOR_NAME = AccentColor;
				AUTOMATION_APPLE_EVENTS = NO;
				CODE_SIGN_ENTITLEMENTS = CrossBoot/CrossBoot.entitlements;
				CODE_SIGN_STYLE = Automatic;
				COMBINE_HIDPI_IMAGES = YES;
				CURRENT_PROJECT_VERSION = 2;
				DEAD_CODE_STRIPPING = YES;
				DEVELOPMENT_ASSET_PATHS = "";
				ENABLE_APP_SANDBOX = NO;
				ENABLE_HARDENED_RUNTIME = NO;
				ENABLE_PREVIEWS = YES;
				ENABLE_RESOURCE_ACCESS_PHOTO_LIBRARY = NO;
				GENERATE_INFOPLIST_FILE = YES;
				INFOPLIST_KEY_LSApplicationCategoryType = "public.app-category.utilities";
				INFOPLIST_KEY_NSHumanReadableCopyright = "";
				LD_RUNPATH_SEARCH_PATHS = (
					"$(inherited)",
					"@executable_path/../Frameworks",
				);
				MARKETING_VERSION = 2.0.3;
				PRODUCT_BUNDLE_IDENTIFIER = com.crossboot.app;
				PRODUCT_NAME = "$(TARGET_NAME)";
				RUNTIME_EXCEPTION_ALLOW_DYLD_ENVIRONMENT_VARIABLES = NO;
				RUNTIME_EXCEPTION_ALLOW_JIT = NO;
				RUNTIME_EXCEPTION_ALLOW_UNSIGNED_EXECUTABLE_MEMORY = NO;
				RUNTIME_EXCEPTION_DEBUGGING_TOOL = NO;
				RUNTIME_EXCEPTION_DISABLE_EXECUTABLE_PAGE_PROTECTION = NO;
				RUNTIME_EXCEPTION_DISABLE_LIBRARY_VALIDATION = NO;
				SWIFT_EMIT_LOC_STRINGS = YES;
				SWIFT_VERSION = 5.0;
			};
			name = Release;
		};
/* End XCBuildConfiguration section */

/* Begin XCConfigurationList section */
		500 /* Build configuration list for PBXNativeTarget "CrossBoot" */ = {
			isa = XCConfigurationList;
			buildConfigurations = (
				702 /* Debug */,
				703 /* Release */,
			);
			defaultConfigurationIsVisible = 0;
			defaultConfigurationName = Release;
		};
		601 /* Build configuration list for PBXProject "CrossBoot" */ = {
			isa = XCConfigurationList;
			buildConfigurations = (
				700 /* Debug */,
				701 /* Release */,
			);
			defaultConfigurationIsVisible = 0;
			defaultConfigurationName = Release;
		};
/* End XCConfigurationList section */
	};
	rootObject = 600 /* Project object */;
}
