// !$*UTF8*$!
{
	archiveVersion = 1;
	classes = {
	};
	objectVersion = 56;
	objects = {

/* Begin PBXBuildFile section */
		001 /* CrossBootApp.swift in Sources */ = {isa = PBXBuildFile; fileRef = 101 /* CrossBootApp.swift */; };
		002 /* ContentView.swift in Sources */ = {isa = PBXBuildFile; fileRef = 102 /* ContentView.swift */; };
		003 /* Assets.xcassets in Resources */ = {isa = PBXBuildFile; fileRef = 103 /* Assets.xcassets */; };
		004 /* Drive.swift in Sources */ = {isa = PBXBuildFile; fileRef = 104 /* Drive.swift */; };
		005 /* ISOFile.swift in Sources */ = {isa = PBXBuildFile; fileRef = 105 /* ISOFile.swift */; };
		006 /* ProcessState.swift in Sources */ = {isa = PBXBuildFile; fileRef = 106 /* ProcessState.swift */; };
		007 /* DiskManager.swift in Sources */ = {isa = PBXBuildFile; fileRef = 107 /* DiskManager.swift */; };
		008 /* ISOHandler.swift in Sources */ = {isa = PBXBuildFile; fileRef = 108 /* ISOHandler.swift */; };
		009 /* WimLibService.swift in Sources */ = {isa = PBXBuildFile; fileRef = 109 /* WimLibService.swift */; };
		010 /* ShellHelper.swift in Sources */ = {isa = PBXBuildFile; fileRef = 110 /* ShellHelper.swift */; };
		011 /* CrossBootViewModel.swift in Sources */ = {isa = PBXBuildFile; fileRef = 111 /* CrossBootViewModel.swift */; };
		C0D780262F2F0C6F00912BB1 /* PowerAssertionManager.swift in Sources */ = {isa = PBXBuildFile; fileRef = C0D780252F2F0C6F00912BB1 /* PowerAssertionManager.swift */; };
		C0E5B9122F2E5B4400869CAF /* DriveSelectorView.swift in Sources */ = {isa = PBXBuildFile; fileRef = C0E5B9112F2E5B4400869CAF /* DriveSelectorView.swift */; };
		C0F6D4472F2E574B00C5A647 /* wimlib-imagex in Resources */ = {isa = PBXBuildFile; fileRef = C0F6D4462F2E574B00C5A647 /* wimlib-imagex */; };
		013 /* Log.swift in Sources */ = {isa = PBXBuildFile; fileRef = 115 /* Log.swift */; };
		014 /* ByteCount.swift in Sources */ = {isa = PBXBuildFile; fileRef = 116 /* ByteCount.swift */; };
		019 /* DiskParsingTests.swift in Sources */ = {isa = PBXBuildFile; fileRef = 120 /* DiskParsingTests.swift */; };
		020 /* AutounattendTests.swift in Sources */ = {isa = PBXBuildFile; fileRef = 121 /* AutounattendTests.swift */; };
		021 /* ProcessStateTests.swift in Sources */ = {isa = PBXBuildFile; fileRef = 122 /* ProcessStateTests.swift */; };
		022 /* WindowSizingTests.swift in Sources */ = {isa = PBXBuildFile; fileRef = 123 /* WindowSizingTests.swift */; };
		030 /* WindowsImage.swift in Sources */ = {isa = PBXBuildFile; fileRef = 130 /* WindowsImage.swift */; };
		031 /* InstallMediaPlan.swift in Sources */ = {isa = PBXBuildFile; fileRef = 131 /* InstallMediaPlan.swift */; };
		032 /* WimXMLParser.swift in Sources */ = {isa = PBXBuildFile; fileRef = 132 /* WimXMLParser.swift */; };
		033 /* ISOListView.swift in Sources */ = {isa = PBXBuildFile; fileRef = 133 /* ISOListView.swift */; };
		034 /* MediaPlanTests.swift in Sources */ = {isa = PBXBuildFile; fileRef = 134 /* MediaPlanTests.swift */; };
		035 /* WimXMLParserTests.swift in Sources */ = {isa = PBXBuildFile; fileRef = 135 /* WimXMLParserTests.swift */; };
		053 /* MacOSCatalogTests.swift in Sources */ = {isa = PBXBuildFile; fileRef = 153 /* MacOSCatalogTests.swift */; };
		054 /* MacOSMediaPlanTests.swift in Sources */ = {isa = PBXBuildFile; fileRef = 154 /* MacOSMediaPlanTests.swift */; };
		055 /* PrivilegedStepTests.swift in Sources */ = {isa = PBXBuildFile; fileRef = 155 /* PrivilegedStepTests.swift */; };
		056 /* CreateInstallMediaOutputTests.swift in Sources */ = {isa = PBXBuildFile; fileRef = 156 /* CreateInstallMediaOutputTests.swift */; };
		036 /* MediaBuilder.swift in Sources */ = {isa = PBXBuildFile; fileRef = 136 /* MediaBuilder.swift */; };
		040 /* MediaKind.swift in Sources */ = {isa = PBXBuildFile; fileRef = 140 /* MediaKind.swift */; };
		041 /* MacOSVersion.swift in Sources */ = {isa = PBXBuildFile; fileRef = 141 /* MacOSVersion.swift */; };
		042 /* MacOSInstaller.swift in Sources */ = {isa = PBXBuildFile; fileRef = 142 /* MacOSInstaller.swift */; };
		043 /* MacOSMediaPlan.swift in Sources */ = {isa = PBXBuildFile; fileRef = 143 /* MacOSMediaPlan.swift */; };
		044 /* PrivilegedRunner.swift in Sources */ = {isa = PBXBuildFile; fileRef = 144 /* PrivilegedRunner.swift */; };
		045 /* SoftwareCatalog.swift in Sources */ = {isa = PBXBuildFile; fileRef = 145 /* SoftwareCatalog.swift */; };
		046 /* DistributionParser.swift in Sources */ = {isa = PBXBuildFile; fileRef = 146 /* DistributionParser.swift */; };
		047 /* InstallerSource.swift in Sources */ = {isa = PBXBuildFile; fileRef = 147 /* InstallerSource.swift */; };
		048 /* InstallerDownloader.swift in Sources */ = {isa = PBXBuildFile; fileRef = 148 /* InstallerDownloader.swift */; };
		049 /* CreateInstallMediaOutput.swift in Sources */ = {isa = PBXBuildFile; fileRef = 149 /* CreateInstallMediaOutput.swift */; };
		050 /* MacOSMediaBuilder.swift in Sources */ = {isa = PBXBuildFile; fileRef = 150 /* MacOSMediaBuilder.swift */; };
		051 /* MacOSVersionPicker.swift in Sources */ = {isa = PBXBuildFile; fileRef = 151 /* MacOSVersionPicker.swift */; };
		052 /* CrossBootViewModel+MacOS.swift in Sources */ = {isa = PBXBuildFile; fileRef = 152 /* CrossBootViewModel+MacOS.swift */; };
/* End PBXBuildFile section */

/* Begin PBXFileReference section */
		100 /* CrossBoot.app */ = {isa = PBXFileReference; explicitFileType = wrapper.application; includeInIndex = 0; path = CrossBoot.app; sourceTree = BUILT_PRODUCTS_DIR; };
		101 /* CrossBootApp.swift */ = {isa = PBXFileReference; lastKnownFileType = sourcecode.swift; path = CrossBootApp.swift; sourceTree = "<group>"; };
		102 /* ContentView.swift */ = {isa = PBXFileReference; lastKnownFileType = sourcecode.swift; path = ContentView.swift; sourceTree = "<group>"; };
		103 /* Assets.xcassets */ = {isa = PBXFileReference; lastKnownFileType = folder.assetcatalog; path = Assets.xcassets; sourceTree = "<group>"; };
		104 /* Drive.swift */ = {isa = PBXFileReference; lastKnownFileType = sourcecode.swift; path = Drive.swift; sourceTree = "<group>"; };
		105 /* ISOFile.swift */ = {isa = PBXFileReference; lastKnownFileType = sourcecode.swift; path = ISOFile.swift; sourceTree = "<group>"; };
		106 /* ProcessState.swift */ = {isa = PBXFileReference; lastKnownFileType = sourcecode.swift; path = ProcessState.swift; sourceTree = "<group>"; };
		107 /* DiskManager.swift */ = {isa = PBXFileReference; lastKnownFileType = sourcecode.swift; path = DiskManager.swift; sourceTree = "<group>"; };
		108 /* ISOHandler.swift */ = {isa = PBXFileReference; lastKnownFileType = sourcecode.swift; path = ISOHandler.swift; sourceTree = "<group>"; };
		109 /* WimLibService.swift */ = {isa = PBXFileReference; lastKnownFileType = sourcecode.swift; path = WimLibService.swift; sourceTree = "<group>"; };
		110 /* ShellHelper.swift */ = {isa = PBXFileReference; lastKnownFileType = sourcecode.swift; path = ShellHelper.swift; sourceTree = "<group>"; };
		111 /* CrossBootViewModel.swift */ = {isa = PBXFileReference; lastKnownFileType = sourcecode.swift; path = CrossBootViewModel.swift; sourceTree = "<group>"; };
		114 /* CrossBoot.entitlements */ = {isa = PBXFileReference; lastKnownFileType = text.plist.entitlements; path = CrossBoot.entitlements; sourceTree = "<group>"; };
		C0D780252F2F0C6F00912BB1 /* PowerAssertionManager.swift */ = {isa = PBXFileReference; lastKnownFileType = sourcecode.swift; path = PowerAssertionManager.swift; sourceTree = "<group>"; };
		C0E5B9112F2E5B4400869CAF /* DriveSelectorView.swift */ = {isa = PBXFileReference; lastKnownFileType = sourcecode.swift; path = DriveSelectorView.swift; sourceTree = "<group>"; };
		C0F6D4462F2E574B00C5A647 /* wimlib-imagex */ = {isa = PBXFileReference; lastKnownFileType = "compiled.mach-o.executable"; path = "wimlib-imagex"; sourceTree = "<group>"; };
		115 /* Log.swift */ = {isa = PBXFileReference; lastKnownFileType = sourcecode.swift; path = Log.swift; sourceTree = "<group>"; };
		116 /* ByteCount.swift */ = {isa = PBXFileReference; lastKnownFileType = sourcecode.swift; path = ByteCount.swift; sourceTree = "<group>"; };
		119 /* CrossBootTests.xctest */ = {isa = PBXFileReference; explicitFileType = wrapper.cfbundle; includeInIndex = 0; path = CrossBootTests.xctest; sourceTree = BUILT_PRODUCTS_DIR; };
		120 /* DiskParsingTests.swift */ = {isa = PBXFileReference; lastKnownFileType = sourcecode.swift; path = DiskParsingTests.swift; sourceTree = "<group>"; };
		121 /* AutounattendTests.swift */ = {isa = PBXFileReference; lastKnownFileType = sourcecode.swift; path = AutounattendTests.swift; sourceTree = "<group>"; };
		122 /* ProcessStateTests.swift */ = {isa = PBXFileReference; lastKnownFileType = sourcecode.swift; path = ProcessStateTests.swift; sourceTree = "<group>"; };
		123 /* WindowSizingTests.swift */ = {isa = PBXFileReference; lastKnownFileType = sourcecode.swift; path = WindowSizingTests.swift; sourceTree = "<group>"; };
		130 /* WindowsImage.swift */ = {isa = PBXFileReference; lastKnownFileType = sourcecode.swift; path = WindowsImage.swift; sourceTree = "<group>"; };
		131 /* InstallMediaPlan.swift */ = {isa = PBXFileReference; lastKnownFileType = sourcecode.swift; path = InstallMediaPlan.swift; sourceTree = "<group>"; };
		132 /* WimXMLParser.swift */ = {isa = PBXFileReference; lastKnownFileType = sourcecode.swift; path = WimXMLParser.swift; sourceTree = "<group>"; };
		133 /* ISOListView.swift */ = {isa = PBXFileReference; lastKnownFileType = sourcecode.swift; path = ISOListView.swift; sourceTree = "<group>"; };
		134 /* MediaPlanTests.swift */ = {isa = PBXFileReference; lastKnownFileType = sourcecode.swift; path = MediaPlanTests.swift; sourceTree = "<group>"; };
		135 /* WimXMLParserTests.swift */ = {isa = PBXFileReference; lastKnownFileType = sourcecode.swift; path = WimXMLParserTests.swift; sourceTree = "<group>"; };
		153 /* MacOSCatalogTests.swift */ = {isa = PBXFileReference; lastKnownFileType = sourcecode.swift; path = MacOSCatalogTests.swift; sourceTree = "<group>"; };
		154 /* MacOSMediaPlanTests.swift */ = {isa = PBXFileReference; lastKnownFileType = sourcecode.swift; path = MacOSMediaPlanTests.swift; sourceTree = "<group>"; };
		155 /* PrivilegedStepTests.swift */ = {isa = PBXFileReference; lastKnownFileType = sourcecode.swift; path = PrivilegedStepTests.swift; sourceTree = "<group>"; };
		156 /* CreateInstallMediaOutputTests.swift */ = {isa = PBXFileReference; lastKnownFileType = sourcecode.swift; path = CreateInstallMediaOutputTests.swift; sourceTree = "<group>"; };
		136 /* MediaBuilder.swift */ = {isa = PBXFileReference; lastKnownFileType = sourcecode.swift; path = MediaBuilder.swift; sourceTree = "<group>"; };
		140 /* MediaKind.swift */ = {isa = PBXFileReference; lastKnownFileType = sourcecode.swift; path = MediaKind.swift; sourceTree = "<group>"; };
		141 /* MacOSVersion.swift */ = {isa = PBXFileReference; lastKnownFileType = sourcecode.swift; path = MacOSVersion.swift; sourceTree = "<group>"; };
		142 /* MacOSInstaller.swift */ = {isa = PBXFileReference; lastKnownFileType = sourcecode.swift; path = MacOSInstaller.swift; sourceTree = "<group>"; };
		143 /* MacOSMediaPlan.swift */ = {isa = PBXFileReference; lastKnownFileType = sourcecode.swift; path = MacOSMediaPlan.swift; sourceTree = "<group>"; };
		144 /* PrivilegedRunner.swift */ = {isa = PBXFileReference; lastKnownFileType = sourcecode.swift; path = PrivilegedRunner.swift; sourceTree = "<group>"; };
		145 /* SoftwareCatalog.swift */ = {isa = PBXFileReference; lastKnownFileType = sourcecode.swift; path = SoftwareCatalog.swift; sourceTree = "<group>"; };
		146 /* DistributionParser.swift */ = {isa = PBXFileReference; lastKnownFileType = sourcecode.swift; path = DistributionParser.swift; sourceTree = "<group>"; };
		147 /* InstallerSource.swift */ = {isa = PBXFileReference; lastKnownFileType = sourcecode.swift; path = InstallerSource.swift; sourceTree = "<group>"; };
		148 /* InstallerDownloader.swift */ = {isa = PBXFileReference; lastKnownFileType = sourcecode.swift; path = InstallerDownloader.swift; sourceTree = "<group>"; };
		149 /* CreateInstallMediaOutput.swift */ = {isa = PBXFileReference; lastKnownFileType = sourcecode.swift; path = CreateInstallMediaOutput.swift; sourceTree = "<group>"; };
		150 /* MacOSMediaBuilder.swift */ = {isa = PBXFileReference; lastKnownFileType = sourcecode.swift; path = MacOSMediaBuilder.swift; sourceTree = "<group>"; };
		151 /* MacOSVersionPicker.swift */ = {isa = PBXFileReference; lastKnownFileType = sourcecode.swift; path = MacOSVersionPicker.swift; sourceTree = "<group>"; };
		152 /* CrossBootViewModel+MacOS.swift */ = {isa = PBXFileReference; lastKnownFileType = sourcecode.swift; path = "CrossBootViewModel+MacOS.swift"; sourceTree = "<group>"; };
/* End PBXFileReference section */

/* Begin PBXFrameworksBuildPhase section */
		200 /* Frameworks */ = {
			isa = PBXFrameworksBuildPhase;
			buildActionMask = 2147483647;
			files = (
			);
			runOnlyForDeploymentPostprocessing = 0;
		};
		412 /* Frameworks */ = {
			isa = PBXFrameworksBuildPhase;
			buildActionMask = 2147483647;
			files = (
			);
			runOnlyForDeploymentPostprocessing = 0;
		};
/* End PBXFrameworksBuildPhase section */

/* Begin PBXGroup section */
		300 = {
			isa = PBXGroup;
			children = (
				301 /* CrossBoot */,
				307 /* CrossBootTests */,
				302 /* Products */,
			);
			sourceTree = "<group>";
		};
		301 /* CrossBoot */ = {
			isa = PBXGroup;
			children = (
				C0F6D4452F2E571F00C5A647 /* Resources */,
				101 /* CrossBootApp.swift */,
				103 /* Assets.xcassets */,
				114 /* CrossBoot.entitlements */,
				303 /* Models */,
				304 /* Services */,
				305 /* ViewModels */,
				306 /* Views */,
			);
			path = CrossBoot;
			sourceTree = "<group>";
		};
		302 /* Products */ = {
			isa = PBXGroup;
			children = (
				100 /* CrossBoot.app */,
				119 /* CrossBootTests.xctest */,
			);
			name = Products;
			sourceTree = "<group>";
		};
		303 /* Models */ = {
			isa = PBXGroup;
			children = (
				116 /* ByteCount.swift */,
				104 /* Drive.swift */,
				105 /* ISOFile.swift */,
				106 /* ProcessState.swift */,
				131 /* InstallMediaPlan.swift */,
				130 /* WindowsImage.swift */,
				140 /* MediaKind.swift */,
				141 /* MacOSVersion.swift */,
				142 /* MacOSInstaller.swift */,
				143 /* MacOSMediaPlan.swift */,
			);
			path = Models;
			sourceTree = "<group>";
		};
		304 /* Services */ = {
			isa = PBXGroup;
			children = (
				115 /* Log.swift */,
				107 /* DiskManager.swift */,
				108 /* ISOHandler.swift */,
				C0D780252F2F0C6F00912BB1 /* PowerAssertionManager.swift */,
				109 /* WimLibService.swift */,
				110 /* ShellHelper.swift */,
				136 /* MediaBuilder.swift */,
				132 /* WimXMLParser.swift */,
				144 /* PrivilegedRunner.swift */,
				145 /* SoftwareCatalog.swift */,
				146 /* DistributionParser.swift */,
				147 /* InstallerSource.swift */,
				148 /* InstallerDownloader.swift */,
				149 /* CreateInstallMediaOutput.swift */,
				150 /* MacOSMediaBuilder.swift */,
			);
			path = Services;
			sourceTree = "<group>";
		};
		305 /* ViewModels */ = {
			isa = PBXGroup;
			children = (
				111 /* CrossBootViewModel.swift */,
				152 /* CrossBootViewModel+MacOS.swift */,
			);
			path = ViewModels;
			sourceTree = "<group>";
		};
		306 /* Views */ = {
			isa = PBXGroup;
			children = (
				102 /* ContentView.swift */,
				C0E5B9112F2E5B4400869CAF /* DriveSelectorView.swift */,
				133 /* ISOListView.swift */,
				151 /* MacOSVersionPicker.swift */,
			);
			path = Views;
			sourceTree = "<group>";
		};
		C0F6D4452F2E571F00C5A647 /* Resources */ = {
			isa = PBXGroup;
			children = (
				C0F6D4462F2E574B00C5A647 /* wimlib-imagex */,
			);
			path = Resources;
			sourceTree = "<group>";
		};
		307 /* CrossBootTests */ = {
			isa = PBXGroup;
			children = (
				120 /* DiskParsingTests.swift */,
				121 /* AutounattendTests.swift */,
				122 /* ProcessStateTests.swift */,
				123 /* WindowSizingTests.swift */,
				134 /* MediaPlanTests.swift */,
				135 /* WimXMLParserTests.swift */,
				153 /* MacOSCatalogTests.swift */,
				154 /* MacOSMediaPlanTests.swift */,
				155 /* PrivilegedStepTests.swift */,
				156 /* CreateInstallMediaOutputTests.swift */,
			);
			path = CrossBootTests;
			sourceTree = "<group>";
		};
/* End PBXGroup section */

/* Begin PBXNativeTarget section */
		400 /* CrossBoot */ = {
			isa = PBXNativeTarget;
			buildConfigurationList = 500 /* Build configuration list for PBXNativeTarget "CrossBoot" */;
			buildPhases = (
				401 /* Sources */,
				200 /* Frameworks */,
				402 /* Resources */,
			);
			buildRules = (
			);
			dependencies = (
			);
			name = CrossBoot;
			productName = CrossBoot;
			productReference = 100 /* CrossBoot.app */;
			productType = "com.apple.product-type.application";
		};
		410 /* CrossBootTests */ = {
			isa = PBXNativeTarget;
			buildConfigurationList = 502 /* Build configuration list for PBXNativeTarget "CrossBootTests" */;
			buildPhases = (
				411 /* Sources */,
				412 /* Frameworks */,
				413 /* Resources */,
			);
			buildRules = (
			);
			dependencies = (
				801 /* PBXTargetDependency */,
			);
			name = CrossBootTests;
			productName = CrossBootTests;
			productReference = 119 /* CrossBootTests.xctest */;
			productType = "com.apple.product-type.bundle.unit-test";
		};
/* End PBXNativeTarget section */

/* Begin PBXContainerItemProxy section */
		800 /* PBXContainerItemProxy */ = {
			isa = PBXContainerItemProxy;
			containerPortal = 600 /* Project object */;
			proxyType = 1;
			remoteGlobalIDString = 400;
			remoteInfo = CrossBoot;
		};
/* End PBXContainerItemProxy section */

/* Begin PBXProject section */
		600 /* Project object */ = {
			isa = PBXProject;
			attributes = {
				BuildIndependentTargetsInParallel = 1;
				LastSwiftUpdateCheck = 1500;
				LastUpgradeCheck = 2620;
				TargetAttributes = {
					400 = {
						CreatedOnToolsVersion = 15.0;
					};
					410 = {
						TestTargetID = 400;
					};
				};
			};
			buildConfigurationList = 601 /* Build configuration list for PBXProject "CrossBoot" */;
			compatibilityVersion = "Xcode 14.0";
			developmentRegion = en;
			hasScannedForEncodings = 0;
			knownRegions = (
				en,
				Base,
			);
			mainGroup = 300;
			productRefGroup = 302 /* Products */;
			projectDirPath = "";
			projectRoot = "";
			targets = (
				400 /* CrossBoot */,
				410 /* CrossBootTests */,
			);
		};
/* End PBXProject section */

/* Begin PBXResourcesBuildPhase section */
		402 /* Resources */ = {
			isa = PBXResourcesBuildPhase;
			buildActionMask = 2147483647;
			files = (
				003 /* Assets.xcassets in Resources */,
				C0F6D4472F2E574B00C5A647 /* wimlib-imagex in Resources */,
			);
			runOnlyForDeploymentPostprocessing = 0;
		};
		413 /* Resources */ = {
			isa = PBXResourcesBuildPhase;
			buildActionMask = 2147483647;
			files = (
			);
			runOnlyForDeploymentPostprocessing = 0;
		};
/* End PBXResourcesBuildPhase section */

/* Begin PBXSourcesBuildPhase section */
		401 /* Sources */ = {
			isa = PBXSourcesBuildPhase;
			buildActionMask = 2147483647;
			files = (
				C0E5B9122F2E5B4400869CAF /* DriveSelectorView.swift in Sources */,
				001 /* CrossBootApp.swift in Sources */,
				002 /* ContentView.swift in Sources */,
				004 /* Drive.swift in Sources */,
				005 /* ISOFile.swift in Sources */,
				C0D780262F2F0C6F00912BB1 /* PowerAssertionManager.swift in Sources */,
				006 /* ProcessState.swift in Sources */,
				007 /* DiskManager.swift in Sources */,
				008 /* ISOHandler.swift in Sources */,
				009 /* WimLibService.swift in Sources */,
				010 /* ShellHelper.swift in Sources */,
				011 /* CrossBootViewModel.swift in Sources */,
				013 /* Log.swift in Sources */,
				014 /* ByteCount.swift in Sources */,
				030 /* WindowsImage.swift in Sources */,
				031 /* InstallMediaPlan.swift in Sources */,
				032 /* WimXMLParser.swift in Sources */,
				033 /* ISOListView.swift in Sources */,
				036 /* MediaBuilder.swift in Sources */,
				040 /* MediaKind.swift in Sources */,
				041 /* MacOSVersion.swift in Sources */,
				042 /* MacOSInstaller.swift in Sources */,
				043 /* MacOSMediaPlan.swift in Sources */,
				044 /* PrivilegedRunner.swift in Sources */,
				045 /* SoftwareCatalog.swift in Sources */,
				046 /* DistributionParser.swift in Sources */,
				047 /* InstallerSource.swift in Sources */,
				048 /* InstallerDownloader.swift in Sources */,
				049 /* CreateInstallMediaOutput.swift in Sources */,
				050 /* MacOSMediaBuilder.swift in Sources */,
				051 /* MacOSVersionPicker.swift in Sources */,
				052 /* CrossBootViewModel+MacOS.swift in Sources */,
			);
			runOnlyForDeploymentPostprocessing = 0;
		};
		411 /* Sources */ = {
			isa = PBXSourcesBuildPhase;
			buildActionMask = 2147483647;
			files = (
				019 /* DiskParsingTests.swift in Sources */,
				020 /* AutounattendTests.swift in Sources */,
				021 /* ProcessStateTests.swift in Sources */,
				022 /* WindowSizingTests.swift in Sources */,
				034 /* MediaPlanTests.swift in Sources */,
				035 /* WimXMLParserTests.swift in Sources */,
				053 /* MacOSCatalogTests.swift in Sources */,
				054 /* MacOSMediaPlanTests.swift in Sources */,
				055 /* PrivilegedStepTests.swift in Sources */,
				056 /* CreateInstallMediaOutputTests.swift in Sources */,
			);
			runOnlyForDeploymentPostprocessing = 0;
		};
/* End PBXSourcesBuildPhase section */

/* Begin PBXTargetDependency section */
		801 /* PBXTargetDependency */ = {
			isa = PBXTargetDependency;
			target = 400 /* CrossBoot */;
			targetProxy = 800 /* PBXContainerItemProxy */;
		};
/* End PBXTargetDependency section */

/* Begin XCBuildConfiguration section */
		700 /* Debug */ = {
			isa = XCBuildConfiguration;
			buildSettings = {
				ALWAYS_SEARCH_USER_PATHS = NO;
				ASSETCATALOG_COMPILER_GENERATE_SWIFT_ASSET_SYMBOL_EXTENSIONS = YES;
				CLANG_ANALYZER_NONNULL = YES;
				CLANG_ANALYZER_NUMBER_OBJECT_CONVERSION = YES_AGGRESSIVE;
				CLANG_CXX_LANGUAGE_STANDARD = "gnu++20";
				CLANG_ENABLE_MODULES = YES;
				CLANG_ENABLE_OBJC_ARC = YES;
				CLANG_ENABLE_OBJC_WEAK = YES;
				CLANG_WARN_BLOCK_CAPTURE_AUTORELEASING = YES;
				CLANG_WARN_BOOL_CONVERSION = YES;
				CLANG_WARN_COMMA = YES;
				CLANG_WARN_CONSTANT_CONVERSION = YES;
				CLANG_WARN_DEPRECATED_OBJC_IMPLEMENTATIONS = YES;
				CLANG_WARN_DIRECT_OBJC_ISA_USAGE = YES_ERROR;
				CLANG_WARN_DOCUMENTATION_COMMENTS = YES;
				CLANG_WARN_EMPTY_BODY = YES;
				CLANG_WARN_ENUM_CONVERSION = YES;
				CLANG_WARN_INFINITE_RECURSION = YES;
				CLANG_WARN_INT_CONVERSION = YES;
				CLANG_WARN_NON_LITERAL_NULL_CONVERSION = YES;
				CLANG_WARN_OBJC_IMPLICIT_RETAIN_SELF = YES;
				CLANG_WARN_OBJC_LITERAL_CONVERSION = YES;
				CLANG_WARN_OBJC_ROOT_CLASS = YES_ERROR;
				CLANG_WARN_QUOTED_INCLUDE_IN_FRAMEWORK_HEADER = YES;
				CLANG_WARN_RANGE_LOOP_ANALYSIS = YES;
				CLANG_WARN_STRICT_PROTOTYPES = YES;
				CLANG_WARN_SUSPICIOUS_MOVE = YES;
				CLANG_WARN_UNGUARDED_AVAILABILITY = YES_AGGRESSIVE;
				CLANG_WARN_UNREACHABLE_CODE = YES;
				CLANG_WARN__DUPLICATE_METHOD_MATCH = YES;
				COPY_PHASE_STRIP = NO;
				DEAD_CODE_STRIPPING = YES;
				DEBUG_INFORMATION_FORMAT = dwarf;
				ENABLE_STRICT_OBJC_MSGSEND = YES;
				ENABLE_TESTABILITY = YES;
				ENABLE_USER_SCRIPT_SANDBOXING = YES;
				GCC_C_LANGUAGE_STANDARD = gnu17;
				GCC_DYNAMIC_NO_PIC = NO;
				GCC_NO_COMMON_BLOCKS = YES;
				GCC_OPTIMIZATION_LEVEL = 0;
				GCC_PREPROCESSOR_DEFINITIONS = (
					"DEBUG=1",
					"$(inherited)",
				);
				GCC_WARN_64_TO_32_BIT_CONVERSION = YES;
				GCC_WARN_ABOUT_RETURN_TYPE = YES_ERROR;
				GCC_WARN_UNDECLARED_SELECTOR = YES;
				GCC_WARN_UNINITIALIZED_AUTOS = YES_AGGRESSIVE;
				GCC_WARN_UNUSED_FUNCTION = YES;
				GCC_WARN_UNUSED_VARIABLE = YES;
				MACOSX_DEPLOYMENT_TARGET = 13.0;
				MTL_ENABLE_DEBUG_INFO = INCLUDE_SOURCE;
				MTL_FAST_MATH = YES;
				ONLY_ACTIVE_ARCH = YES;
				SDKROOT = macosx;
				SWIFT_STRICT_CONCURRENCY = complete;
				STRING_CATALOG_GENERATE_SYMBOLS = YES;
				SWIFT_ACTIVE_COMPILATION_CONDITIONS = "DEBUG $(inherited)";
				SWIFT_OPTIMIZATION_LEVEL = "-Onone";
			};
			name = Debug;
		};
		701 /* Release */ = {
			isa = XCBuildConfiguration;
			buildSettings = {
				ALWAYS_SEARCH_USER_PATHS = NO;
				ASSETCATALOG_COMPILER_GENERATE_SWIFT_ASSET_SYMBOL_EXTENSIONS = YES;
				CLANG_ANALYZER_NONNULL = YES;
				CLANG_ANALYZER_NUMBER_OBJECT_CONVERSION = YES_AGGRESSIVE;
				CLANG_CXX_LANGUAGE_STANDARD = "gnu++20";
				CLANG_ENABLE_MODULES = YES;
				CLANG_ENABLE_OBJC_ARC = YES;
				CLANG_ENABLE_OBJC_WEAK = YES;
				CLANG_WARN_BLOCK_CAPTURE_AUTORELEASING = YES;
				CLANG_WARN_BOOL_CONVERSION = YES;
				CLANG_WARN_COMMA = YES;
				CLANG_WARN_CONSTANT_CONVERSION = YES;
				CLANG_WARN_DEPRECATED_OBJC_IMPLEMENTATIONS = YES;
				CLANG_WARN_DIRECT_OBJC_ISA_USAGE = YES_ERROR;
				CLANG_WARN_DOCUMENTATION_COMMENTS = YES;
				CLANG_WARN_EMPTY_BODY = YES;
				CLANG_WARN_ENUM_CONVERSION = YES;
				CLANG_WARN_INFINITE_RECURSION = YES;
				CLANG_WARN_INT_CONVERSION = YES;
				CLANG_WARN_NON_LITERAL_NULL_CONVERSION = YES;
				CLANG_WARN_OBJC_IMPLICIT_RETAIN_SELF = YES;
				CLANG_WARN_OBJC_LITERAL_CONVERSION = YES;
				CLANG_WARN_OBJC_ROOT_CLASS = YES_ERROR;
				CLANG_WARN_QUOTED_INCLUDE_IN_FRAMEWORK_HEADER = YES;
				CLANG_WARN_RANGE_LOOP_ANALYSIS = YES;
				CLANG_WARN_STRICT_PROTOTYPES = YES;
				CLANG_WARN_SUSPICIOUS_MOVE = YES;
				CLANG_WARN_UNGUARDED_AVAILABILITY = YES_AGGRESSIVE;
				CLANG_WARN_UNREACHABLE_CODE = YES;
				CLANG_WARN__DUPLICATE_METHOD_MATCH = YES;
				COPY_PHASE_STRIP = NO;
				DEAD_CODE_STRIPPING = YES;
				DEBUG_INFORMATION_FORMAT = "dwarf-with-dsym";
				ENABLE_NS_ASSERTIONS = NO;
				ENABLE_STRICT_OBJC_MSGSEND = YES;
				ENABLE_USER_SCRIPT_SANDBOXING = YES;
				GCC_C_LANGUAGE_STANDARD = gnu17;
				GCC_NO_COMMON_BLOCKS = YES;
				GCC_WARN_64_TO_32_BIT_CONVERSION = YES;
				GCC_WARN_ABOUT_RETURN_TYPE = YES_ERROR;
				GCC_WARN_UNDECLARED_SELECTOR = YES;
				GCC_WARN_UNINITIALIZED_AUTOS = YES_AGGRESSIVE;
				GCC_WARN_UNUSED_FUNCTION = YES;
				GCC_WARN_UNUSED_VARIABLE = YES;
				MACOSX_DEPLOYMENT_TARGET = 13.0;
				MTL_ENABLE_DEBUG_INFO = NO;
				MTL_FAST_MATH = YES;
				SDKROOT = macosx;
				SWIFT_STRICT_CONCURRENCY = complete;
				STRING_CATALOG_GENERATE_SYMBOLS = YES;
				SWIFT_COMPILATION_MODE = wholemodule;
			};
			name = Release;
		};
		702 /* Debug */ = {
			isa = XCBuildConfiguration;
			buildSettings = {
				ASSETCATALOG_COMPILER_APPICON_NAME = AppIcon;
				ASSETCATALOG_COMPILER_GLOBAL_ACCENT_COLOR_NAME = AccentColor;
				AUTOMATION_APPLE_EVENTS = NO;
				CODE_SIGN_ENTITLEMENTS = CrossBoot/CrossBoot.entitlements;
				CODE_SIGN_STYLE = Automatic;
				COMBINE_HIDPI_IMAGES = YES;
				CURRENT_PROJECT_VERSION = 2;
				DEAD_CODE_STRIPPING = YES;
				DEVELOPMENT_ASSET_PATHS = "";
				ENABLE_APP_SANDBOX = NO;
				ENABLE_HARDENED_RUNTIME = YES;
				ENABLE_PREVIEWS = YES;
				ENABLE_RESOURCE_ACCESS_PHOTO_LIBRARY = NO;
				GENERATE_INFOPLIST_FILE = YES;
				INFOPLIST_KEY_LSApplicationCategoryType = "public.app-category.utilities";
				INFOPLIST_KEY_NSHumanReadableCopyright = "";
				LD_RUNPATH_SEARCH_PATHS = (
					"$(inherited)",
					"@executable_path/../Frameworks",
				);
				MARKETING_VERSION = 2.0.3;
				PRODUCT_BUNDLE_IDENTIFIER = com.crossboot.app;
				PRODUCT_NAME = "$(TARGET_NAME)";
				RUNTIME_EXCEPTION_ALLOW_DYLD_ENVIRONMENT_VARIABLES = NO;
				RUNTIME_EXCEPTION_ALLOW_JIT = NO;
				RUNTIME_EXCEPTION_ALLOW_UNSIGNED_EXECUTABLE_MEMORY = NO;
				RUNTIME_EXCEPTION_DEBUGGING_TOOL = NO;
				RUNTIME_EXCEPTION_DISABLE_EXECUTABLE_PAGE_PROTECTION = NO;
				RUNTIME_EXCEPTION_DISABLE_LIBRARY_VALIDATION = NO;
				SWIFT_EMIT_LOC_STRINGS = YES;
				SWIFT_VERSION = 5.0;
			};
			name = Debug;
		};
		703 /* Release */ = {
			isa = XCBuildConfiguration;
			buildSettings = {
				ASSETCATALOG_COMPILER_APPICON_NAME = AppIcon;
				ASSETCATALOG_COMPILER_GLOBAL_ACCENT_COLOR_NAME = AccentColor;
				AUTOMATION_APPLE_EVENTS = NO;
				CODE_SIGN_ENTITLEMENTS = CrossBoot/CrossBoot.entitlements;
				CODE_SIGN_STYLE = Automatic;
				COMBINE_HIDPI_IMAGES = YES;
				CURRENT_PROJECT_VERSION = 2;
				DEAD_CODE_STRIPPING = YES;
				DEVELOPMENT_ASSET_PATHS = "";
				ENABLE_APP_SANDBOX = NO;
				ENABLE_HARDENED_RUNTIME = YES;
				ENABLE_PREVIEWS = YES;
				ENABLE_RESOURCE_ACCESS_PHOTO_LIBRARY = NO;
				GENERATE_INFOPLIST_FILE = YES;
				INFOPLIST_KEY_LSApplicationCategoryType = "public.app-category.utilities";
				INFOPLIST_KEY_NSHumanReadableCopyright = "";
				LD_RUNPATH_SEARCH_PATHS = (
					"$(inherited)",
					"@executable_path/../Frameworks",
				);
				MARKETING_VERSION = 2.0.3;
				PRODUCT_BUNDLE_IDENTIFIER = com.crossboot.app;
				PRODUCT_NAME = "$(TARGET_NAME)";
				RUNTIME_EXCEPTION_ALLOW_DYLD_ENVIRONMENT_VARIABLES = NO;
				RUNTIME_EXCEPTION_ALLOW_JIT = NO;
				RUNTIME_EXCEPTION_ALLOW_UNSIGNED_EXECUTABLE_MEMORY = NO;
				RUNTIME_EXCEPTION_DEBUGGING_TOOL = NO;
				RUNTIME_EXCEPTION_DISABLE_EXECUTABLE_PAGE_PROTECTION = NO;
				RUNTIME_EXCEPTION_DISABLE_LIBRARY_VALIDATION = NO;
				SWIFT_EMIT_LOC_STRINGS = YES;
				SWIFT_VERSION = 5.0;
			};
			name = Release;
		};
		704 /* Debug */ = {
			isa = XCBuildConfiguration;
			buildSettings = {
				ALWAYS_EMBED_SWIFT_STANDARD_LIBRARIES = YES;
				BUNDLE_LOADER = "$(TEST_HOST)";
				CODE_SIGN_STYLE = Automatic;
				CURRENT_PROJECT_VERSION = 1;
				GENERATE_INFOPLIST_FILE = YES;
				MACOSX_DEPLOYMENT_TARGET = 14.0;
				MARKETING_VERSION = 1.0;
				PRODUCT_BUNDLE_IDENTIFIER = com.crossboot.app.tests;
				PRODUCT_NAME = "$(TARGET_NAME)";
				SWIFT_EMIT_LOC_STRINGS = NO;
				SWIFT_VERSION = 5.0;
				TEST_HOST = "$(BUILT_PRODUCTS_DIR)/CrossBoot.app/Contents/MacOS/CrossBoot";
			};
			name = Debug;
		};
		705 /* Release */ = {
			isa = XCBuildConfiguration;
			buildSettings = {
				ALWAYS_EMBED_SWIFT_STANDARD_LIBRARIES = YES;
				BUNDLE_LOADER = "$(TEST_HOST)";
				CODE_SIGN_STYLE = Automatic;
				CURRENT_PROJECT_VERSION = 1;
				GENERATE_INFOPLIST_FILE = YES;
				MACOSX_DEPLOYMENT_TARGET = 14.0;
				MARKETING_VERSION = 1.0;
				PRODUCT_BUNDLE_IDENTIFIER = com.crossboot.app.tests;
				PRODUCT_NAME = "$(TARGET_NAME)";
				SWIFT_EMIT_LOC_STRINGS = NO;
				SWIFT_VERSION = 5.0;
				TEST_HOST = "$(BUILT_PRODUCTS_DIR)/CrossBoot.app/Contents/MacOS/CrossBoot";
			};
			name = Release;
		};
/* End XCBuildConfiguration section */

/* Begin XCConfigurationList section */
		500 /* Build configuration list for PBXNativeTarget "CrossBoot" */ = {
			isa = XCConfigurationList;
			buildConfigurations = (
				702 /* Debug */,
				703 /* Release */,
			);
			defaultConfigurationIsVisible = 0;
			defaultConfigurationName = Release;
		};
		601 /* Build configuration list for PBXProject "CrossBoot" */ = {
			isa = XCConfigurationList;
			buildConfigurations = (
				700 /* Debug */,
				701 /* Release */,
			);
			defaultConfigurationIsVisible = 0;
			defaultConfigurationName = Release;
		};
		502 /* Build configuration list for PBXNativeTarget "CrossBootTests" */ = {
			isa = XCConfigurationList;
			buildConfigurations = (
				704 /* Debug */,
				705 /* Release */,
			);
			defaultConfigurationIsVisible = 0;
			defaultConfigurationName = Release;
		};
/* End XCConfigurationList section */
	};
	rootObject = 600 /* Project object */;
}
